
Microsoft Visual Studio Solution File, Format Version 12.00
# Visual Studio Version 17
VisualStudioVersion = 17.9.34728.123
MinimumVisualStudioVersion = 10.0.40219.1
Project("{FAE04EC0-301F-11D3-BF4B-00C04F79EFBC}") = "module_4", "module_4.csproj", "{C1E44E2E-8DF7-400A-A244-99F477E65110}"
EndProject
Global
	GlobalSection(SolutionConfigurationPlatforms) = preSolution
		Debug|Any CPU = Debug|Any CPU
		Release|Any CPU = Release|Any CPU
	EndGlobalSection
	GlobalSection(ProjectConfigurationPlatforms) = postSolution
		{C1E44E2E-8DF7-400A-A244-99F477E65110}.Debug|Any CPU.ActiveCfg = Debug|Any CPU
		{C1E44E2E-8DF7-400A-A244-99F477E65110}.Debug|Any CPU.Build.0 = Debug|Any CPU
		{C1E44E2E-8DF7-400A-A244-99F477E65110}.Release|Any CPU.ActiveCfg = Release|Any CPU
		{C1E44E2E-8DF7-400A-A244-99F477E65110}.Release|Any CPU.Build.0 = Release|Any CPU
	EndGlobalSection
	GlobalSection(SolutionProperties) = preSolution
		HideSolutionNode = FALSE
	EndGlobalSection
	GlobalSection(ExtensibilityGlobals) = postSolution
		SolutionGuid = {0BDFBFED-027C-49D2-91E9-0FDE2107CAC9}
	EndGlobalSection
EndGlobal
